# THIS IS AN AUTOGENERATED FILE. DO NOT EDIT THIS FILE DIRECTLY.
# yarn lockfile v1


openai-edge@^1.1.1:
  version "1.1.1"
  resolved "https://registry.yarnpkg.com/openai-edge/-/openai-edge-1.1.1.tgz#0e5b25472a5528959d11cedce67ea9b37faf640e"
  integrity sha512-dVbGYFU4kzHeqzUYlJQuLgahB5BvGCjuyVQMiet3WLTq5AIueyS572wLLSn764wKdjWbl8xurFL9cjmwlpAO5w==
